
Microsoft Visual Studio Solution File, Format Version 12.00
# Visual Studio Version 16
VisualStudioVersion = 16.0.30413.136
MinimumVisualStudioVersion = 10.0.40219.1
Project("{FAE04EC0-301F-11D3-BF4B-00C04F79EFBC}") = "NinjaDomain.Classes", "NinjaDomain.Classes\NinjaDomain.Classes.csproj", "{B76E3FCF-7251-437E-ABFF-AC5F079DD6B6}"
EndProject
Project("{FAE04EC0-301F-11D3-BF4B-00C04F79EFBC}") = "NinjaDomain.DataModel", "NinjaDomain.DataModel\NinjaDomain.DataModel.csproj", "{DDBD9439-F80F-4626-B935-314F361AA279}"
EndProject
Project("{FAE04EC0-301F-11D3-BF4B-00C04F79EFBC}") = "ConsoleApplication", "ConsoleApplication\ConsoleApplication.csproj", "{AC4EAAE0-5C7B-449E-8C9E-ABB360B6F4FF}"
EndProject
Global
	GlobalSection(SolutionConfigurationPlatforms) = preSolution
		Debug|Any CPU = Debug|Any CPU
		Release|Any CPU = Release|Any CPU
	EndGlobalSection
	GlobalSection(ProjectConfigurationPlatforms) = postSolution
		{B76E3FCF-7251-437E-ABFF-AC5F079DD6B6}.Debug|Any CPU.ActiveCfg = Debug|Any CPU
		{B76E3FCF-7251-437E-ABFF-AC5F079DD6B6}.Debug|Any CPU.Build.0 = Debug|Any CPU
		{B76E3FCF-7251-437E-ABFF-AC5F079DD6B6}.Release|Any CPU.ActiveCfg = Release|Any CPU
		{B76E3FCF-7251-437E-ABFF-AC5F079DD6B6}.Release|Any CPU.Build.0 = Release|Any CPU
		{DDBD9439-F80F-4626-B935-314F361AA279}.Debug|Any CPU.ActiveCfg = Debug|Any CPU
		{DDBD9439-F80F-4626-B935-314F361AA279}.Debug|Any CPU.Build.0 = Debug|Any CPU
		{DDBD9439-F80F-4626-B935-314F361AA279}.Release|Any CPU.ActiveCfg = Release|Any CPU
		{DDBD9439-F80F-4626-B935-314F361AA279}.Release|Any CPU.Build.0 = Release|Any CPU
		{AC4EAAE0-5C7B-449E-8C9E-ABB360B6F4FF}.Debug|Any CPU.ActiveCfg = Debug|Any CPU
		{AC4EAAE0-5C7B-449E-8C9E-ABB360B6F4FF}.Debug|Any CPU.Build.0 = Debug|Any CPU
		{AC4EAAE0-5C7B-449E-8C9E-ABB360B6F4FF}.Release|Any CPU.ActiveCfg = Release|Any CPU
		{AC4EAAE0-5C7B-449E-8C9E-ABB360B6F4FF}.Release|Any CPU.Build.0 = Release|Any CPU
	EndGlobalSection
	GlobalSection(SolutionProperties) = preSolution
		HideSolutionNode = FALSE
	EndGlobalSection
	GlobalSection(ExtensibilityGlobals) = postSolution
		SolutionGuid = {4B8B07AE-D048-42FA-B7FF-048E23E8BB27}
	EndGlobalSection
EndGlobal
